dependencies:
- name: google-cloudrun-service
  repository: oci://ghcr.io/helmless
  version: 1.0.0
- name: google-cloudrun-job
  repository: oci://ghcr.io/helmless
  version: 1.0.0
digest: sha256:1d0652b4cc770548e56082d430a41612478c0c0250024cec2d9f1911dcab4948
generated: "2025-03-28T19:28:27.060564+01:00"
