dependencies:
- name: google-cloudrun-service
  repository: oci://ghcr.io/helmless
  version: 0.3.0
- name: google-cloudrun-job
  repository: oci://ghcr.io/helmless
  version: 0.3.0
digest: sha256:2631fdbf96cb8c6423466e44ea3dee149f3da0cea06fd48e328161783ea6a6c4
generated: "2025-04-02T12:53:45.67287+01:00"
